
Microsoft Visual Studio Solution File, Format Version 12.00
# Visual Studio Version 17
VisualStudioVersion = 17.5.33516.290
MinimumVisualStudioVersion = 10.0.40219.1
Project("{FAE04EC0-301F-11D3-BF4B-00C04F79EFBC}") = "FinalProjectRyan", "FinalProjectRyan.csproj", "{E652FEA0-CF83-4CCA-9B65-DC1AE84DD44B}"
EndProject
Global
	GlobalSection(SolutionConfigurationPlatforms) = preSolution
		Debug|Any CPU = Debug|Any CPU
		Release|Any CPU = Release|Any CPU
	EndGlobalSection
	GlobalSection(ProjectConfigurationPlatforms) = postSolution
		{E652FEA0-CF83-4CCA-9B65-DC1AE84DD44B}.Debug|Any CPU.ActiveCfg = Debug|Any CPU
		{E652FEA0-CF83-4CCA-9B65-DC1AE84DD44B}.Debug|Any CPU.Build.0 = Debug|Any CPU
		{E652FEA0-CF83-4CCA-9B65-DC1AE84DD44B}.Release|Any CPU.ActiveCfg = Release|Any CPU
		{E652FEA0-CF83-4CCA-9B65-DC1AE84DD44B}.Release|Any CPU.Build.0 = Release|Any CPU
	EndGlobalSection
	GlobalSection(SolutionProperties) = preSolution
		HideSolutionNode = FALSE
	EndGlobalSection
	GlobalSection(ExtensibilityGlobals) = postSolution
		SolutionGuid = {61BE45E1-0048-4861-9C3B-3076D28158D6}
	EndGlobalSection
EndGlobal
